
Microsoft Visual Studio Solution File, Format Version 12.00
# Visual Studio 15
Project("{FAE04EC0-301F-11D3-BF4B-00C04F79EFBC}") = "LemonadeStandV2", "LemonadeStandV2.csproj", "{F240AD56-3060-4BDC-B329-9A33306A1876}"
EndProject
Global
	GlobalSection(SolutionConfigurationPlatforms) = preSolution
		Debug|anycpu = Debug|anycpu
		Release|anycpu = Release|anycpu
	EndGlobalSection
	GlobalSection(ProjectConfigurationPlatforms) = postSolution
		{F240AD56-3060-4BDC-B329-9A33306A1876}.Debug|anycpu.ActiveCfg = Debug|anycpu
		{F240AD56-3060-4BDC-B329-9A33306A1876}.Debug|anycpu.Build.0 = Debug|anycpu
		{F240AD56-3060-4BDC-B329-9A33306A1876}.Release|anycpu.ActiveCfg = Release|anycpu
		{F240AD56-3060-4BDC-B329-9A33306A1876}.Release|anycpu.Build.0 = Release|anycpu
	EndGlobalSection
EndGlobal
